
Microsoft Visual Studio Solution File, Format Version 12.00
# Visual Studio Version 16
VisualStudioVersion = 16.0.28729.10
MinimumVisualStudioVersion = 10.0.40219.1
Project("{FAE04EC0-301F-11D3-BF4B-00C04F79EFBC}") = "TechHacksSoftware", "TechHacksSoftware\TechHacksSoftware.csproj", "{89EF67A1-F42F-4CF2-AE43-012BAA90D58F}"
EndProject
Project("{FAE04EC0-301F-11D3-BF4B-00C04F79EFBC}") = "TechHacksConnectServer", "TechHacksConnectServer\TechHacksConnectServer.csproj", "{1C28C7ED-9C25-4B67-9676-E570B77C6313}"
EndProject
Project("{FAE04EC0-301F-11D3-BF4B-00C04F79EFBC}") = "Networking", "Networking\Networking.csproj", "{EDBF2C38-8E8F-4A1C-B84F-5C537DE378E9}"
EndProject
Global
	GlobalSection(SolutionConfigurationPlatforms) = preSolution
		Debug|Any CPU = Debug|Any CPU
		Release|Any CPU = Release|Any CPU
	EndGlobalSection
	GlobalSection(ProjectConfigurationPlatforms) = postSolution
		{89EF67A1-F42F-4CF2-AE43-012BAA90D58F}.Debug|Any CPU.ActiveCfg = Debug|Any CPU
		{89EF67A1-F42F-4CF2-AE43-012BAA90D58F}.Debug|Any CPU.Build.0 = Debug|Any CPU
		{89EF67A1-F42F-4CF2-AE43-012BAA90D58F}.Release|Any CPU.ActiveCfg = Release|Any CPU
		{89EF67A1-F42F-4CF2-AE43-012BAA90D58F}.Release|Any CPU.Build.0 = Release|Any CPU
		{1C28C7ED-9C25-4B67-9676-E570B77C6313}.Debug|Any CPU.ActiveCfg = Debug|Any CPU
		{1C28C7ED-9C25-4B67-9676-E570B77C6313}.Debug|Any CPU.Build.0 = Debug|Any CPU
		{1C28C7ED-9C25-4B67-9676-E570B77C6313}.Release|Any CPU.ActiveCfg = Release|Any CPU
		{1C28C7ED-9C25-4B67-9676-E570B77C6313}.Release|Any CPU.Build.0 = Release|Any CPU
		{EDBF2C38-8E8F-4A1C-B84F-5C537DE378E9}.Debug|Any CPU.ActiveCfg = Debug|Any CPU
		{EDBF2C38-8E8F-4A1C-B84F-5C537DE378E9}.Debug|Any CPU.Build.0 = Debug|Any CPU
		{EDBF2C38-8E8F-4A1C-B84F-5C537DE378E9}.Release|Any CPU.ActiveCfg = Release|Any CPU
		{EDBF2C38-8E8F-4A1C-B84F-5C537DE378E9}.Release|Any CPU.Build.0 = Release|Any CPU
	EndGlobalSection
	GlobalSection(SolutionProperties) = preSolution
		HideSolutionNode = FALSE
	EndGlobalSection
	GlobalSection(ExtensibilityGlobals) = postSolution
		SolutionGuid = {E656217F-BB5E-46A2-8C8E-1D0076D1E8F0}
	EndGlobalSection
EndGlobal
